
Microsoft Visual Studio Solution File, Format Version 12.00
# Visual Studio 14
VisualStudioVersion = 14.0.25420.1
MinimumVisualStudioVersion = 10.0.40219.1
Project("{FAE04EC0-301F-11D3-BF4B-00C04F79EFBC}") = "XnaToFna", "XnaToFna.csproj", "{11CE9AC5-C2D3-456D-8132-8A8FD9B78D1E}"
EndProject
Project("{FAE04EC0-301F-11D3-BF4B-00C04F79EFBC}") = "FNA", "lib-projs\FNA\FNA.csproj", "{35253CE1-C864-4CD3-8249-4D1319748E8F}"
EndProject
Project("{FAE04EC0-301F-11D3-BF4B-00C04F79EFBC}") = "FNA.NetStub", "lib-projs\FNA.NetStub\FNA.NetStub.csproj", "{F5328B35-F276-4157-9B69-E06D527C689B}"
EndProject
Project("{FAE04EC0-301F-11D3-BF4B-00C04F79EFBC}") = "MonoMod.Utils", "lib-projs\MonoMod\MonoMod.Utils\MonoMod.Utils.csproj", "{1839CFE2-3DB0-45A8-B03D-9AA797479A3A}"
EndProject
Project("{FAE04EC0-301F-11D3-BF4B-00C04F79EFBC}") = "MonoMod.RuntimeDetour", "lib-projs\MonoMod\MonoMod.RuntimeDetour\MonoMod.RuntimeDetour.csproj", "{D0C584C0-81D7-486E-B70E-D7F9256E0909}"
EndProject
Project("{FAE04EC0-301F-11D3-BF4B-00C04F79EFBC}") = "MonoMod", "lib-projs\MonoMod\MonoMod\MonoMod.csproj", "{8A17C958-5C33-4035-AF76-F94A3AA2DC4F}"
EndProject
Global
	GlobalSection(SolutionConfigurationPlatforms) = preSolution
		Debug|Any CPU = Debug|Any CPU
		Debug|x64 = Debug|x64
		Debug|x86 = Debug|x86
		Release|Any CPU = Release|Any CPU
		Release|x64 = Release|x64
		Release|x86 = Release|x86
		DebugLegacy|Any CPU = DebugLegacy|Any CPU
		DebugLegacy|x64 = DebugLegacy|x64
		DebugLegacy|x86 = DebugLegacy|x86
		ReleaseLegacy|Any CPU = ReleaseLegacy|Any CPU
		ReleaseLegacy|x64 = ReleaseLegacy|x64
		ReleaseLegacy|x86 = ReleaseLegacy|x86
	EndGlobalSection
	GlobalSection(ProjectConfigurationPlatforms) = postSolution
		{11CE9AC5-C2D3-456D-8132-8A8FD9B78D1E}.Debug|Any CPU.ActiveCfg = Debug|Any CPU
		{11CE9AC5-C2D3-456D-8132-8A8FD9B78D1E}.Debug|Any CPU.Build.0 = Debug|Any CPU
		{11CE9AC5-C2D3-456D-8132-8A8FD9B78D1E}.Debug|x64.ActiveCfg = Debug|Any CPU
		{11CE9AC5-C2D3-456D-8132-8A8FD9B78D1E}.Debug|x64.Build.0 = Debug|Any CPU
		{11CE9AC5-C2D3-456D-8132-8A8FD9B78D1E}.Debug|x86.ActiveCfg = Debug|Any CPU
		{11CE9AC5-C2D3-456D-8132-8A8FD9B78D1E}.Debug|x86.Build.0 = Debug|Any CPU
		{11CE9AC5-C2D3-456D-8132-8A8FD9B78D1E}.Release|Any CPU.ActiveCfg = Release|Any CPU
		{11CE9AC5-C2D3-456D-8132-8A8FD9B78D1E}.Release|Any CPU.Build.0 = Release|Any CPU
		{11CE9AC5-C2D3-456D-8132-8A8FD9B78D1E}.Release|x64.ActiveCfg = Release|Any CPU
		{11CE9AC5-C2D3-456D-8132-8A8FD9B78D1E}.Release|x64.Build.0 = Release|Any CPU
		{11CE9AC5-C2D3-456D-8132-8A8FD9B78D1E}.Release|x86.ActiveCfg = Release|Any CPU
		{11CE9AC5-C2D3-456D-8132-8A8FD9B78D1E}.Release|x86.Build.0 = Release|Any CPU
		{35253CE1-C864-4CD3-8249-4D1319748E8F}.Debug|Any CPU.ActiveCfg = Debug|Any CPU
		{35253CE1-C864-4CD3-8249-4D1319748E8F}.Debug|Any CPU.Build.0 = Debug|Any CPU
		{35253CE1-C864-4CD3-8249-4D1319748E8F}.Debug|x64.ActiveCfg = Debug|x64
		{35253CE1-C864-4CD3-8249-4D1319748E8F}.Debug|x64.Build.0 = Debug|x64
		{35253CE1-C864-4CD3-8249-4D1319748E8F}.Debug|x86.ActiveCfg = Debug|x86
		{35253CE1-C864-4CD3-8249-4D1319748E8F}.Debug|x86.Build.0 = Debug|x86
		{35253CE1-C864-4CD3-8249-4D1319748E8F}.Release|Any CPU.ActiveCfg = Release|Any CPU
		{35253CE1-C864-4CD3-8249-4D1319748E8F}.Release|Any CPU.Build.0 = Release|Any CPU
		{35253CE1-C864-4CD3-8249-4D1319748E8F}.Release|x64.ActiveCfg = Release|x64
		{35253CE1-C864-4CD3-8249-4D1319748E8F}.Release|x64.Build.0 = Release|x64
		{35253CE1-C864-4CD3-8249-4D1319748E8F}.Release|x86.ActiveCfg = Release|x86
		{35253CE1-C864-4CD3-8249-4D1319748E8F}.Release|x86.Build.0 = Release|x86
		{F5328B35-F276-4157-9B69-E06D527C689B}.Debug|Any CPU.ActiveCfg = Debug|Any CPU
		{F5328B35-F276-4157-9B69-E06D527C689B}.Debug|Any CPU.Build.0 = Debug|Any CPU
		{F5328B35-F276-4157-9B69-E06D527C689B}.Debug|x64.ActiveCfg = Debug|x64
		{F5328B35-F276-4157-9B69-E06D527C689B}.Debug|x64.Build.0 = Debug|x64
		{F5328B35-F276-4157-9B69-E06D527C689B}.Debug|x86.ActiveCfg = Debug|x86
		{F5328B35-F276-4157-9B69-E06D527C689B}.Debug|x86.Build.0 = Debug|x86
		{F5328B35-F276-4157-9B69-E06D527C689B}.Release|Any CPU.ActiveCfg = Release|Any CPU
		{F5328B35-F276-4157-9B69-E06D527C689B}.Release|Any CPU.Build.0 = Release|Any CPU
		{F5328B35-F276-4157-9B69-E06D527C689B}.Release|x64.ActiveCfg = Release|x64
		{F5328B35-F276-4157-9B69-E06D527C689B}.Release|x64.Build.0 = Release|x64
		{F5328B35-F276-4157-9B69-E06D527C689B}.Release|x86.ActiveCfg = Release|x86
		{F5328B35-F276-4157-9B69-E06D527C689B}.Release|x86.Build.0 = Release|x86
		{1839CFE2-3DB0-45A8-B03D-9AA797479A3A}.Debug|Any CPU.ActiveCfg = Debug|Any CPU
		{1839CFE2-3DB0-45A8-B03D-9AA797479A3A}.Debug|Any CPU.Build.0 = Debug|Any CPU
		{1839CFE2-3DB0-45A8-B03D-9AA797479A3A}.Debug|x64.ActiveCfg = Debug|Any CPU
		{1839CFE2-3DB0-45A8-B03D-9AA797479A3A}.Debug|x64.Build.0 = Debug|Any CPU
		{1839CFE2-3DB0-45A8-B03D-9AA797479A3A}.Debug|x86.ActiveCfg = Debug|Any CPU
		{1839CFE2-3DB0-45A8-B03D-9AA797479A3A}.Debug|x86.Build.0 = Debug|Any CPU
		{1839CFE2-3DB0-45A8-B03D-9AA797479A3A}.Release|Any CPU.ActiveCfg = Release|Any CPU
		{1839CFE2-3DB0-45A8-B03D-9AA797479A3A}.Release|Any CPU.Build.0 = Release|Any CPU
		{1839CFE2-3DB0-45A8-B03D-9AA797479A3A}.Release|x64.ActiveCfg = Release|Any CPU
		{1839CFE2-3DB0-45A8-B03D-9AA797479A3A}.Release|x64.Build.0 = Release|Any CPU
		{1839CFE2-3DB0-45A8-B03D-9AA797479A3A}.Release|x86.ActiveCfg = Release|Any CPU
		{1839CFE2-3DB0-45A8-B03D-9AA797479A3A}.Release|x86.Build.0 = Release|Any CPU
		{D0C584C0-81D7-486E-B70E-D7F9256E0909}.Debug|Any CPU.ActiveCfg = Debug|Any CPU
		{D0C584C0-81D7-486E-B70E-D7F9256E0909}.Debug|Any CPU.Build.0 = Debug|Any CPU
		{D0C584C0-81D7-486E-B70E-D7F9256E0909}.Debug|x64.ActiveCfg = Debug|Any CPU
		{D0C584C0-81D7-486E-B70E-D7F9256E0909}.Debug|x64.Build.0 = Debug|Any CPU
		{D0C584C0-81D7-486E-B70E-D7F9256E0909}.Debug|x86.ActiveCfg = Debug|Any CPU
		{D0C584C0-81D7-486E-B70E-D7F9256E0909}.Debug|x86.Build.0 = Debug|Any CPU
		{D0C584C0-81D7-486E-B70E-D7F9256E0909}.Release|Any CPU.ActiveCfg = Release|Any CPU
		{D0C584C0-81D7-486E-B70E-D7F9256E0909}.Release|Any CPU.Build.0 = Release|Any CPU
		{D0C584C0-81D7-486E-B70E-D7F9256E0909}.Release|x64.ActiveCfg = Release|Any CPU
		{D0C584C0-81D7-486E-B70E-D7F9256E0909}.Release|x64.Build.0 = Release|Any CPU
		{D0C584C0-81D7-486E-B70E-D7F9256E0909}.Release|x86.ActiveCfg = Release|Any CPU
		{D0C584C0-81D7-486E-B70E-D7F9256E0909}.Release|x86.Build.0 = Release|Any CPU
		{8A17C958-5C33-4035-AF76-F94A3AA2DC4F}.Debug|Any CPU.ActiveCfg = Debug|Any CPU
		{8A17C958-5C33-4035-AF76-F94A3AA2DC4F}.Debug|Any CPU.Build.0 = Debug|Any CPU
		{8A17C958-5C33-4035-AF76-F94A3AA2DC4F}.Debug|x64.ActiveCfg = Debug|Any CPU
		{8A17C958-5C33-4035-AF76-F94A3AA2DC4F}.Debug|x64.Build.0 = Debug|Any CPU
		{8A17C958-5C33-4035-AF76-F94A3AA2DC4F}.Debug|x86.ActiveCfg = Debug|Any CPU
		{8A17C958-5C33-4035-AF76-F94A3AA2DC4F}.Debug|x86.Build.0 = Debug|Any CPU
		{8A17C958-5C33-4035-AF76-F94A3AA2DC4F}.Release|Any CPU.ActiveCfg = Release|Any CPU
		{8A17C958-5C33-4035-AF76-F94A3AA2DC4F}.Release|Any CPU.Build.0 = Release|Any CPU
		{8A17C958-5C33-4035-AF76-F94A3AA2DC4F}.Release|x64.ActiveCfg = Release|Any CPU
		{8A17C958-5C33-4035-AF76-F94A3AA2DC4F}.Release|x64.Build.0 = Release|Any CPU
		{8A17C958-5C33-4035-AF76-F94A3AA2DC4F}.Release|x86.ActiveCfg = Release|Any CPU
		{8A17C958-5C33-4035-AF76-F94A3AA2DC4F}.Release|x86.Build.0 = Release|Any CPU
		{11CE9AC5-C2D3-456D-8132-8A8FD9B78D1E}.DebugLegacy|Any CPU.ActiveCfg = DebugLegacy|Any CPU
		{11CE9AC5-C2D3-456D-8132-8A8FD9B78D1E}.DebugLegacy|Any CPU.Build.0 = DebugLegacy|Any CPU
		{11CE9AC5-C2D3-456D-8132-8A8FD9B78D1E}.DebugLegacy|x64.ActiveCfg = DebugLegacy|Any CPU
		{11CE9AC5-C2D3-456D-8132-8A8FD9B78D1E}.DebugLegacy|x64.Build.0 = DebugLegacy|Any CPU
		{11CE9AC5-C2D3-456D-8132-8A8FD9B78D1E}.DebugLegacy|x86.ActiveCfg = DebugLegacy|Any CPU
		{11CE9AC5-C2D3-456D-8132-8A8FD9B78D1E}.DebugLegacy|x86.Build.0 = DebugLegacy|Any CPU
		{11CE9AC5-C2D3-456D-8132-8A8FD9B78D1E}.ReleaseLegacy|Any CPU.ActiveCfg = ReleaseLegacy|Any CPU
		{11CE9AC5-C2D3-456D-8132-8A8FD9B78D1E}.ReleaseLegacy|Any CPU.Build.0 = ReleaseLegacy|Any CPU
		{11CE9AC5-C2D3-456D-8132-8A8FD9B78D1E}.ReleaseLegacy|x64.ActiveCfg = ReleaseLegacy|Any CPU
		{11CE9AC5-C2D3-456D-8132-8A8FD9B78D1E}.ReleaseLegacy|x64.Build.0 = ReleaseLegacy|Any CPU
		{11CE9AC5-C2D3-456D-8132-8A8FD9B78D1E}.ReleaseLegacy|x86.ActiveCfg = ReleaseLegacy|Any CPU
		{11CE9AC5-C2D3-456D-8132-8A8FD9B78D1E}.ReleaseLegacy|x86.Build.0 = ReleaseLegacy|Any CPU
		{35253CE1-C864-4CD3-8249-4D1319748E8F}.DebugLegacy|Any CPU.ActiveCfg = Debug|Any CPU
		{35253CE1-C864-4CD3-8249-4D1319748E8F}.DebugLegacy|Any CPU.Build.0 = Debug|Any CPU
		{35253CE1-C864-4CD3-8249-4D1319748E8F}.DebugLegacy|x64.ActiveCfg = Debug|x64
		{35253CE1-C864-4CD3-8249-4D1319748E8F}.DebugLegacy|x64.Build.0 = Debug|x64
		{35253CE1-C864-4CD3-8249-4D1319748E8F}.DebugLegacy|x86.ActiveCfg = Debug|x86
		{35253CE1-C864-4CD3-8249-4D1319748E8F}.DebugLegacy|x86.Build.0 = Debug|x86
		{35253CE1-C864-4CD3-8249-4D1319748E8F}.ReleaseLegacy|Any CPU.ActiveCfg = Release|Any CPU
		{35253CE1-C864-4CD3-8249-4D1319748E8F}.ReleaseLegacy|Any CPU.Build.0 = Release|Any CPU
		{35253CE1-C864-4CD3-8249-4D1319748E8F}.ReleaseLegacy|x64.ActiveCfg = Release|x64
		{35253CE1-C864-4CD3-8249-4D1319748E8F}.ReleaseLegacy|x64.Build.0 = Release|x64
		{35253CE1-C864-4CD3-8249-4D1319748E8F}.ReleaseLegacy|x86.ActiveCfg = Release|x86
		{35253CE1-C864-4CD3-8249-4D1319748E8F}.ReleaseLegacy|x86.Build.0 = Release|x86
		{F5328B35-F276-4157-9B69-E06D527C689B}.DebugLegacy|Any CPU.ActiveCfg = Debug|Any CPU
		{F5328B35-F276-4157-9B69-E06D527C689B}.DebugLegacy|Any CPU.Build.0 = Debug|Any CPU
		{F5328B35-F276-4157-9B69-E06D527C689B}.DebugLegacy|x64.ActiveCfg = Debug|x64
		{F5328B35-F276-4157-9B69-E06D527C689B}.DebugLegacy|x64.Build.0 = Debug|x64
		{F5328B35-F276-4157-9B69-E06D527C689B}.DebugLegacy|x86.ActiveCfg = Debug|x86
		{F5328B35-F276-4157-9B69-E06D527C689B}.DebugLegacy|x86.Build.0 = Debug|x86
		{F5328B35-F276-4157-9B69-E06D527C689B}.ReleaseLegacy|Any CPU.ActiveCfg = Release|Any CPU
		{F5328B35-F276-4157-9B69-E06D527C689B}.ReleaseLegacy|Any CPU.Build.0 = Release|Any CPU
		{F5328B35-F276-4157-9B69-E06D527C689B}.ReleaseLegacy|x64.ActiveCfg = Release|x64
		{F5328B35-F276-4157-9B69-E06D527C689B}.ReleaseLegacy|x64.Build.0 = Release|x64
		{F5328B35-F276-4157-9B69-E06D527C689B}.ReleaseLegacy|x86.ActiveCfg = Release|x86
		{F5328B35-F276-4157-9B69-E06D527C689B}.ReleaseLegacy|x86.Build.0 = Release|x86
		{1839CFE2-3DB0-45A8-B03D-9AA797479A3A}.DebugLegacy|Any CPU.ActiveCfg = DebugLegacy|Any CPU
		{1839CFE2-3DB0-45A8-B03D-9AA797479A3A}.DebugLegacy|Any CPU.Build.0 = DebugLegacy|Any CPU
		{1839CFE2-3DB0-45A8-B03D-9AA797479A3A}.DebugLegacy|x64.ActiveCfg = DebugLegacy|Any CPU
		{1839CFE2-3DB0-45A8-B03D-9AA797479A3A}.DebugLegacy|x64.Build.0 = DebugLegacy|Any CPU
		{1839CFE2-3DB0-45A8-B03D-9AA797479A3A}.DebugLegacy|x86.ActiveCfg = DebugLegacy|Any CPU
		{1839CFE2-3DB0-45A8-B03D-9AA797479A3A}.DebugLegacy|x86.Build.0 = DebugLegacy|Any CPU
		{1839CFE2-3DB0-45A8-B03D-9AA797479A3A}.ReleaseLegacy|Any CPU.ActiveCfg = ReleaseLegacy|Any CPU
		{1839CFE2-3DB0-45A8-B03D-9AA797479A3A}.ReleaseLegacy|Any CPU.Build.0 = ReleaseLegacy|Any CPU
		{1839CFE2-3DB0-45A8-B03D-9AA797479A3A}.ReleaseLegacy|x64.ActiveCfg = ReleaseLegacy|Any CPU
		{1839CFE2-3DB0-45A8-B03D-9AA797479A3A}.ReleaseLegacy|x64.Build.0 = ReleaseLegacy|Any CPU
		{1839CFE2-3DB0-45A8-B03D-9AA797479A3A}.ReleaseLegacy|x86.ActiveCfg = ReleaseLegacy|Any CPU
		{1839CFE2-3DB0-45A8-B03D-9AA797479A3A}.ReleaseLegacy|x86.Build.0 = ReleaseLegacy|Any CPU
		{D0C584C0-81D7-486E-B70E-D7F9256E0909}.DebugLegacy|Any CPU.ActiveCfg = DebugLegacy|Any CPU
		{D0C584C0-81D7-486E-B70E-D7F9256E0909}.DebugLegacy|Any CPU.Build.0 = DebugLegacy|Any CPU
		{D0C584C0-81D7-486E-B70E-D7F9256E0909}.DebugLegacy|x64.ActiveCfg = DebugLegacy|Any CPU
		{D0C584C0-81D7-486E-B70E-D7F9256E0909}.DebugLegacy|x64.Build.0 = DebugLegacy|Any CPU
		{D0C584C0-81D7-486E-B70E-D7F9256E0909}.DebugLegacy|x86.ActiveCfg = DebugLegacy|Any CPU
		{D0C584C0-81D7-486E-B70E-D7F9256E0909}.DebugLegacy|x86.Build.0 = DebugLegacy|Any CPU
		{D0C584C0-81D7-486E-B70E-D7F9256E0909}.ReleaseLegacy|Any CPU.ActiveCfg = ReleaseLegacy|Any CPU
		{D0C584C0-81D7-486E-B70E-D7F9256E0909}.ReleaseLegacy|Any CPU.Build.0 = ReleaseLegacy|Any CPU
		{D0C584C0-81D7-486E-B70E-D7F9256E0909}.ReleaseLegacy|x64.ActiveCfg = ReleaseLegacy|Any CPU
		{D0C584C0-81D7-486E-B70E-D7F9256E0909}.ReleaseLegacy|x64.Build.0 = ReleaseLegacy|Any CPU
		{D0C584C0-81D7-486E-B70E-D7F9256E0909}.ReleaseLegacy|x86.ActiveCfg = ReleaseLegacy|Any CPU
		{D0C584C0-81D7-486E-B70E-D7F9256E0909}.ReleaseLegacy|x86.Build.0 = ReleaseLegacy|Any CPU
		{8A17C958-5C33-4035-AF76-F94A3AA2DC4F}.DebugLegacy|Any CPU.ActiveCfg = DebugLegacy|Any CPU
		{8A17C958-5C33-4035-AF76-F94A3AA2DC4F}.DebugLegacy|Any CPU.Build.0 = DebugLegacy|Any CPU
		{8A17C958-5C33-4035-AF76-F94A3AA2DC4F}.DebugLegacy|x64.ActiveCfg = DebugLegacy|Any CPU
		{8A17C958-5C33-4035-AF76-F94A3AA2DC4F}.DebugLegacy|x64.Build.0 = DebugLegacy|Any CPU
		{8A17C958-5C33-4035-AF76-F94A3AA2DC4F}.DebugLegacy|x86.ActiveCfg = DebugLegacy|Any CPU
		{8A17C958-5C33-4035-AF76-F94A3AA2DC4F}.DebugLegacy|x86.Build.0 = DebugLegacy|Any CPU
		{8A17C958-5C33-4035-AF76-F94A3AA2DC4F}.ReleaseLegacy|Any CPU.ActiveCfg = ReleaseLegacy|Any CPU
		{8A17C958-5C33-4035-AF76-F94A3AA2DC4F}.ReleaseLegacy|Any CPU.Build.0 = ReleaseLegacy|Any CPU
		{8A17C958-5C33-4035-AF76-F94A3AA2DC4F}.ReleaseLegacy|x64.ActiveCfg = ReleaseLegacy|Any CPU
		{8A17C958-5C33-4035-AF76-F94A3AA2DC4F}.ReleaseLegacy|x64.Build.0 = ReleaseLegacy|Any CPU
		{8A17C958-5C33-4035-AF76-F94A3AA2DC4F}.ReleaseLegacy|x86.ActiveCfg = ReleaseLegacy|Any CPU
		{8A17C958-5C33-4035-AF76-F94A3AA2DC4F}.ReleaseLegacy|x86.Build.0 = ReleaseLegacy|Any CPU
	EndGlobalSection
	GlobalSection(SolutionProperties) = preSolution
		HideSolutionNode = FALSE
	EndGlobalSection
EndGlobal
